// !$*UTF8*$!
{
	archiveVersion = 1;
	classes = {
	};
	objectVersion = 55;
	objects = {

/* Begin PBXBuildFile section */
		E407828228C61EB6009D0856 /* Icon-29.png in Resources */ = {isa = PBXBuildFile; fileRef = E407826428C61EB6009D0856 /* Icon-29.png */; };
		E407828328C61EB6009D0856 /* Icon-16.png in Resources */ = {isa = PBXBuildFile; fileRef = E407826528C61EB6009D0856 /* Icon-16.png */; };
		E407828428C61EB6009D0856 /* Icon-256.png in Resources */ = {isa = PBXBuildFile; fileRef = E407826628C61EB6009D0856 /* Icon-256.png */; };
		E407828528C61EB6009D0856 /* Icon-120.png in Resources */ = {isa = PBXBuildFile; fileRef = E407826728C61EB6009D0856 /* Icon-120.png */; };
		E407828628C61EB6009D0856 /* Icon-88.png in Resources */ = {isa = PBXBuildFile; fileRef = E407826828C61EB6009D0856 /* Icon-88.png */; };
		E407828728C61EB6009D0856 /* Icon-76.png in Resources */ = {isa = PBXBuildFile; fileRef = E407826928C61EB6009D0856 /* Icon-76.png */; };
		E407828828C61EB6009D0856 /* Icon-60.png in Resources */ = {isa = PBXBuildFile; fileRef = E407826A28C61EB6009D0856 /* Icon-60.png */; };
		E407828928C61EB6009D0856 /* Icon-48.png in Resources */ = {isa = PBXBuildFile; fileRef = E407826B28C61EB6009D0856 /* Icon-48.png */; };
		E407828A28C61EB6009D0856 /* Icon-Original-1024.png in Resources */ = {isa = PBXBuildFile; fileRef = E407826C28C61EB6009D0856 /* Icon-Original-1024.png */; };
		E407828B28C61EB6009D0856 /* Icon-152.png in Resources */ = {isa = PBXBuildFile; fileRef = E407826D28C61EB6009D0856 /* Icon-152.png */; };
		E407828C28C61EB6009D0856 /* Icon-234.png in Resources */ = {isa = PBXBuildFile; fileRef = E407826E28C61EB6009D0856 /* Icon-234.png */; };
		E407828D28C61EB6009D0856 /* Icon-180.png in Resources */ = {isa = PBXBuildFile; fileRef = E407826F28C61EB6009D0856 /* Icon-180.png */; };
		E407828E28C61EB6009D0856 /* Icon-64.png in Resources */ = {isa = PBXBuildFile; fileRef = E407827028C61EB6009D0856 /* Icon-64.png */; };
		E407828F28C61EB6009D0856 /* Icon-58.png in Resources */ = {isa = PBXBuildFile; fileRef = E407827128C61EB6009D0856 /* Icon-58.png */; };
		E407829028C61EB6009D0856 /* Icon-66.png in Resources */ = {isa = PBXBuildFile; fileRef = E407827228C61EB6009D0856 /* Icon-66.png */; };
		E407829128C61EB6009D0856 /* Icon-196.png in Resources */ = {isa = PBXBuildFile; fileRef = E407827328C61EB6009D0856 /* Icon-196.png */; };
		E407829228C61EB6009D0856 /* Icon-80.png in Resources */ = {isa = PBXBuildFile; fileRef = E407827428C61EB6009D0856 /* Icon-80.png */; };
		E407829328C61EB6009D0856 /* Icon-55.png in Resources */ = {isa = PBXBuildFile; fileRef = E407827528C61EB6009D0856 /* Icon-55.png */; };
		E407829428C61EB6009D0856 /* Icon-172.png in Resources */ = {isa = PBXBuildFile; fileRef = E407827628C61EB6009D0856 /* Icon-172.png */; };
		E407829528C61EB6009D0856 /* Icon-167.png in Resources */ = {isa = PBXBuildFile; fileRef = E407827728C61EB6009D0856 /* Icon-167.png */; };
		E407829628C61EB6009D0856 /* Icon-40.png in Resources */ = {isa = PBXBuildFile; fileRef = E407827828C61EB6009D0856 /* Icon-40.png */; };
		E407829728C61EB6009D0856 /* Icon-87.png in Resources */ = {isa = PBXBuildFile; fileRef = E407827928C61EB6009D0856 /* Icon-87.png */; };
		E407829828C61EB6009D0856 /* Icon-92.png in Resources */ = {isa = PBXBuildFile; fileRef = E407827A28C61EB6009D0856 /* Icon-92.png */; };
		E407829928C61EB6009D0856 /* Icon-216.png in Resources */ = {isa = PBXBuildFile; fileRef = E407827B28C61EB6009D0856 /* Icon-216.png */; };
		E407829A28C61EB6009D0856 /* Icon-20.png in Resources */ = {isa = PBXBuildFile; fileRef = E407827C28C61EB6009D0856 /* Icon-20.png */; };
		E407829B28C61EB6009D0856 /* Icon-128.png in Resources */ = {isa = PBXBuildFile; fileRef = E407827D28C61EB6009D0856 /* Icon-128.png */; };
		E407829C28C61EB6009D0856 /* Icon-100.png in Resources */ = {isa = PBXBuildFile; fileRef = E407827E28C61EB6009D0856 /* Icon-100.png */; };
		E407829D28C61EB6009D0856 /* Icon-32.png in Resources */ = {isa = PBXBuildFile; fileRef = E407827F28C61EB6009D0856 /* Icon-32.png */; };
		E407829E28C61EB6009D0856 /* Icon-512.png in Resources */ = {isa = PBXBuildFile; fileRef = E407828028C61EB6009D0856 /* Icon-512.png */; };
		E407829F28C61EB6009D0856 /* Icon-102.png in Resources */ = {isa = PBXBuildFile; fileRef = E407828128C61EB6009D0856 /* Icon-102.png */; };
		E46506A828C2480C004C8344 /* AppDelegate.swift in Sources */ = {isa = PBXBuildFile; fileRef = E46506A728C2480C004C8344 /* AppDelegate.swift */; };
		E46506AA28C2480C004C8344 /* SceneDelegate.swift in Sources */ = {isa = PBXBuildFile; fileRef = E46506A928C2480C004C8344 /* SceneDelegate.swift */; };
		E46506AC28C2480C004C8344 /* ViewController.swift in Sources */ = {isa = PBXBuildFile; fileRef = E46506AB28C2480C004C8344 /* ViewController.swift */; };
		E46506AF28C2480C004C8344 /* Main.storyboard in Resources */ = {isa = PBXBuildFile; fileRef = E46506AD28C2480C004C8344 /* Main.storyboard */; };
		E46506B228C2480C004C8344 /* Saxjax_Colorfull_ToDoList.xcdatamodeld in Sources */ = {isa = PBXBuildFile; fileRef = E46506B028C2480C004C8344 /* Saxjax_Colorfull_ToDoList.xcdatamodeld */; };
		E46506B428C2480D004C8344 /* Assets.xcassets in Resources */ = {isa = PBXBuildFile; fileRef = E46506B328C2480D004C8344 /* Assets.xcassets */; };
		E46506B728C2480D004C8344 /* LaunchScreen.storyboard in Resources */ = {isa = PBXBuildFile; fileRef = E46506B528C2480D004C8344 /* LaunchScreen.storyboard */; };
		E46506C228C2480D004C8344 /* Saxjax_Colorfull_ToDoListTests.swift in Sources */ = {isa = PBXBuildFile; fileRef = E46506C128C2480D004C8344 /* Saxjax_Colorfull_ToDoListTests.swift */; };
		E46506CC28C2480E004C8344 /* Saxjax_Colorfull_ToDoListUITests.swift in Sources */ = {isa = PBXBuildFile; fileRef = E46506CB28C2480E004C8344 /* Saxjax_Colorfull_ToDoListUITests.swift */; };
		E46506CE28C2480E004C8344 /* Saxjax_Colorfull_ToDoListUITestsLaunchTests.swift in Sources */ = {isa = PBXBuildFile; fileRef = E46506CD28C2480E004C8344 /* Saxjax_Colorfull_ToDoListUITestsLaunchTests.swift */; };
		E46506DF28C24989004C8344 /* MakeColor.swift in Sources */ = {isa = PBXBuildFile; fileRef = E46506DE28C24989004C8344 /* MakeColor.swift */; };
		E46506E028C24989004C8344 /* MakeColor.swift in Sources */ = {isa = PBXBuildFile; fileRef = E46506DE28C24989004C8344 /* MakeColor.swift */; };
		E46506E128C24989004C8344 /* MakeColor.swift in Sources */ = {isa = PBXBuildFile; fileRef = E46506DE28C24989004C8344 /* MakeColor.swift */; };
		E46506E428C249A1004C8344 /* CategoryTableViewController.swift in Sources */ = {isa = PBXBuildFile; fileRef = E46506E228C249A1004C8344 /* CategoryTableViewController.swift */; };
		E46506E528C249A1004C8344 /* CategoryTableViewController.swift in Sources */ = {isa = PBXBuildFile; fileRef = E46506E228C249A1004C8344 /* CategoryTableViewController.swift */; };
		E46506E628C249A1004C8344 /* CategoryTableViewController.swift in Sources */ = {isa = PBXBuildFile; fileRef = E46506E228C249A1004C8344 /* CategoryTableViewController.swift */; };
		E46506E728C249A1004C8344 /* ToDoListViewController.swift in Sources */ = {isa = PBXBuildFile; fileRef = E46506E328C249A1004C8344 /* ToDoListViewController.swift */; };
		E46506E828C249A1004C8344 /* ToDoListViewController.swift in Sources */ = {isa = PBXBuildFile; fileRef = E46506E328C249A1004C8344 /* ToDoListViewController.swift */; };
		E46506E928C249A1004C8344 /* ToDoListViewController.swift in Sources */ = {isa = PBXBuildFile; fileRef = E46506E328C249A1004C8344 /* ToDoListViewController.swift */; };
		E46506ED28C24A4B004C8344 /* DataModel.xcdatamodeld in Sources */ = {isa = PBXBuildFile; fileRef = E46506EB28C24A4B004C8344 /* DataModel.xcdatamodeld */; };
		E46506EE28C24A4B004C8344 /* DataModel.xcdatamodeld in Sources */ = {isa = PBXBuildFile; fileRef = E46506EB28C24A4B004C8344 /* DataModel.xcdatamodeld */; };
		E46506EF28C24A4B004C8344 /* DataModel.xcdatamodeld in Sources */ = {isa = PBXBuildFile; fileRef = E46506EB28C24A4B004C8344 /* DataModel.xcdatamodeld */; };
		E46506F128C24C29004C8344 /* Constants.swift in Sources */ = {isa = PBXBuildFile; fileRef = E46506F028C24C29004C8344 /* Constants.swift */; };
		E46506F228C24C29004C8344 /* Constants.swift in Sources */ = {isa = PBXBuildFile; fileRef = E46506F028C24C29004C8344 /* Constants.swift */; };
		E46506F328C24C29004C8344 /* Constants.swift in Sources */ = {isa = PBXBuildFile; fileRef = E46506F028C24C29004C8344 /* Constants.swift */; };
		E46506F628C24C83004C8344 /* MakeColorUnitTest.swift in Sources */ = {isa = PBXBuildFile; fileRef = E46506F528C24C83004C8344 /* MakeColorUnitTest.swift */; };
/* End PBXBuildFile section */

/* Begin PBXContainerItemProxy section */
		E46506BE28C2480D004C8344 /* PBXContainerItemProxy */ = {
			isa = PBXContainerItemProxy;
			containerPortal = E465069C28C2480B004C8344 /* Project object */;
			proxyType = 1;
			remoteGlobalIDString = E46506A328C2480B004C8344;
			remoteInfo = "Saxjax Colorfull ToDoList";
		};
		E46506C828C2480E004C8344 /* PBXContainerItemProxy */ = {
			isa = PBXContainerItemProxy;
			containerPortal = E465069C28C2480B004C8344 /* Project object */;
			proxyType = 1;
			remoteGlobalIDString = E46506A328C2480B004C8344;
			remoteInfo = "Saxjax Colorfull ToDoList";
		};
/* End PBXContainerItemProxy section */

/* Begin PBXFileReference section */
		E407826428C61EB6009D0856 /* Icon-29.png */ = {isa = PBXFileReference; lastKnownFileType = image.png; path = "Icon-29.png"; sourceTree = "<group>"; };
		E407826528C61EB6009D0856 /* Icon-16.png */ = {isa = PBXFileReference; lastKnownFileType = image.png; path = "Icon-16.png"; sourceTree = "<group>"; };
		E407826628C61EB6009D0856 /* Icon-256.png */ = {isa = PBXFileReference; lastKnownFileType = image.png; path = "Icon-256.png"; sourceTree = "<group>"; };
		E407826728C61EB6009D0856 /* Icon-120.png */ = {isa = PBXFileReference; lastKnownFileType = image.png; path = "Icon-120.png"; sourceTree = "<group>"; };
		E407826828C61EB6009D0856 /* Icon-88.png */ = {isa = PBXFileReference; lastKnownFileType = image.png; path = "Icon-88.png"; sourceTree = "<group>"; };
		E407826928C61EB6009D0856 /* Icon-76.png */ = {isa = PBXFileReference; lastKnownFileType = image.png; path = "Icon-76.png"; sourceTree = "<group>"; };
		E407826A28C61EB6009D0856 /* Icon-60.png */ = {isa = PBXFileReference; lastKnownFileType = image.png; path = "Icon-60.png"; sourceTree = "<group>"; };
		E407826B28C61EB6009D0856 /* Icon-48.png */ = {isa = PBXFileReference; lastKnownFileType = image.png; path = "Icon-48.png"; sourceTree = "<group>"; };
		E407826C28C61EB6009D0856 /* Icon-Original-1024.png */ = {isa = PBXFileReference; lastKnownFileType = image.png; path = "Icon-Original-1024.png"; sourceTree = "<group>"; };
		E407826D28C61EB6009D0856 /* Icon-152.png */ = {isa = PBXFileReference; lastKnownFileType = image.png; path = "Icon-152.png"; sourceTree = "<group>"; };
		E407826E28C61EB6009D0856 /* Icon-234.png */ = {isa = PBXFileReference; lastKnownFileType = image.png; path = "Icon-234.png"; sourceTree = "<group>"; };
		E407826F28C61EB6009D0856 /* Icon-180.png */ = {isa = PBXFileReference; lastKnownFileType = image.png; path = "Icon-180.png"; sourceTree = "<group>"; };
		E407827028C61EB6009D0856 /* Icon-64.png */ = {isa = PBXFileReference; lastKnownFileType = image.png; path = "Icon-64.png"; sourceTree = "<group>"; };
		E407827128C61EB6009D0856 /* Icon-58.png */ = {isa = PBXFileReference; lastKnownFileType = image.png; path = "Icon-58.png"; sourceTree = "<group>"; };
		E407827228C61EB6009D0856 /* Icon-66.png */ = {isa = PBXFileReference; lastKnownFileType = image.png; path = "Icon-66.png"; sourceTree = "<group>"; };
		E407827328C61EB6009D0856 /* Icon-196.png */ = {isa = PBXFileReference; lastKnownFileType = image.png; path = "Icon-196.png"; sourceTree = "<group>"; };
		E407827428C61EB6009D0856 /* Icon-80.png */ = {isa = PBXFileReference; lastKnownFileType = image.png; path = "Icon-80.png"; sourceTree = "<group>"; };
		E407827528C61EB6009D0856 /* Icon-55.png */ = {isa = PBXFileReference; lastKnownFileType = image.png; path = "Icon-55.png"; sourceTree = "<group>"; };
		E407827628C61EB6009D0856 /* Icon-172.png */ = {isa = PBXFileReference; lastKnownFileType = image.png; path = "Icon-172.png"; sourceTree = "<group>"; };
		E407827728C61EB6009D0856 /* Icon-167.png */ = {isa = PBXFileReference; lastKnownFileType = image.png; path = "Icon-167.png"; sourceTree = "<group>"; };
		E407827828C61EB6009D0856 /* Icon-40.png */ = {isa = PBXFileReference; lastKnownFileType = image.png; path = "Icon-40.png"; sourceTree = "<group>"; };
		E407827928C61EB6009D0856 /* Icon-87.png */ = {isa = PBXFileReference; lastKnownFileType = image.png; path = "Icon-87.png"; sourceTree = "<group>"; };
		E407827A28C61EB6009D0856 /* Icon-92.png */ = {isa = PBXFileReference; lastKnownFileType = image.png; path = "Icon-92.png"; sourceTree = "<group>"; };
		E407827B28C61EB6009D0856 /* Icon-216.png */ = {isa = PBXFileReference; lastKnownFileType = image.png; path = "Icon-216.png"; sourceTree = "<group>"; };
		E407827C28C61EB6009D0856 /* Icon-20.png */ = {isa = PBXFileReference; lastKnownFileType = image.png; path = "Icon-20.png"; sourceTree = "<group>"; };
		E407827D28C61EB6009D0856 /* Icon-128.png */ = {isa = PBXFileReference; lastKnownFileType = image.png; path = "Icon-128.png"; sourceTree = "<group>"; };
		E407827E28C61EB6009D0856 /* Icon-100.png */ = {isa = PBXFileReference; lastKnownFileType = image.png; path = "Icon-100.png"; sourceTree = "<group>"; };
		E407827F28C61EB6009D0856 /* Icon-32.png */ = {isa = PBXFileReference; lastKnownFileType = image.png; path = "Icon-32.png"; sourceTree = "<group>"; };
		E407828028C61EB6009D0856 /* Icon-512.png */ = {isa = PBXFileReference; lastKnownFileType = image.png; path = "Icon-512.png"; sourceTree = "<group>"; };
		E407828128C61EB6009D0856 /* Icon-102.png */ = {isa = PBXFileReference; lastKnownFileType = image.png; path = "Icon-102.png"; sourceTree = "<group>"; };
		E46506A428C2480B004C8344 /* Saxjax Colorfull ToDoList.app */ = {isa = PBXFileReference; explicitFileType = wrapper.application; includeInIndex = 0; path = "Saxjax Colorfull ToDoList.app"; sourceTree = BUILT_PRODUCTS_DIR; };
		E46506A728C2480C004C8344 /* AppDelegate.swift */ = {isa = PBXFileReference; lastKnownFileType = sourcecode.swift; path = AppDelegate.swift; sourceTree = "<group>"; };
		E46506A928C2480C004C8344 /* SceneDelegate.swift */ = {isa = PBXFileReference; lastKnownFileType = sourcecode.swift; path = SceneDelegate.swift; sourceTree = "<group>"; };
		E46506AB28C2480C004C8344 /* ViewController.swift */ = {isa = PBXFileReference; lastKnownFileType = sourcecode.swift; path = ViewController.swift; sourceTree = "<group>"; };
		E46506AE28C2480C004C8344 /* Base */ = {isa = PBXFileReference; lastKnownFileType = file.storyboard; name = Base; path = Base.lproj/Main.storyboard; sourceTree = "<group>"; };
		E46506B128C2480C004C8344 /* Saxjax_Colorfull_ToDoList.xcdatamodel */ = {isa = PBXFileReference; lastKnownFileType = wrapper.xcdatamodel; path = Saxjax_Colorfull_ToDoList.xcdatamodel; sourceTree = "<group>"; };
		E46506B328C2480D004C8344 /* Assets.xcassets */ = {isa = PBXFileReference; lastKnownFileType = folder.assetcatalog; path = Assets.xcassets; sourceTree = "<group>"; };
		E46506B628C2480D004C8344 /* Base */ = {isa = PBXFileReference; lastKnownFileType = file.storyboard; name = Base; path = Base.lproj/LaunchScreen.storyboard; sourceTree = "<group>"; };
		E46506B828C2480D004C8344 /* Info.plist */ = {isa = PBXFileReference; lastKnownFileType = text.plist.xml; path = Info.plist; sourceTree = "<group>"; };
		E46506BD28C2480D004C8344 /* Saxjax Colorfull ToDoListTests.xctest */ = {isa = PBXFileReference; explicitFileType = wrapper.cfbundle; includeInIndex = 0; path = "Saxjax Colorfull ToDoListTests.xctest"; sourceTree = BUILT_PRODUCTS_DIR; };
		E46506C128C2480D004C8344 /* Saxjax_Colorfull_ToDoListTests.swift */ = {isa = PBXFileReference; lastKnownFileType = sourcecode.swift; path = Saxjax_Colorfull_ToDoListTests.swift; sourceTree = "<group>"; };
		E46506C728C2480E004C8344 /* Saxjax Colorfull ToDoListUITests.xctest */ = {isa = PBXFileReference; explicitFileType = wrapper.cfbundle; includeInIndex = 0; path = "Saxjax Colorfull ToDoListUITests.xctest"; sourceTree = BUILT_PRODUCTS_DIR; };
		E46506CB28C2480E004C8344 /* Saxjax_Colorfull_ToDoListUITests.swift */ = {isa = PBXFileReference; lastKnownFileType = sourcecode.swift; path = Saxjax_Colorfull_ToDoListUITests.swift; sourceTree = "<group>"; };
		E46506CD28C2480E004C8344 /* Saxjax_Colorfull_ToDoListUITestsLaunchTests.swift */ = {isa = PBXFileReference; lastKnownFileType = sourcecode.swift; path = Saxjax_Colorfull_ToDoListUITestsLaunchTests.swift; sourceTree = "<group>"; };
		E46506DE28C24989004C8344 /* MakeColor.swift */ = {isa = PBXFileReference; fileEncoding = 4; lastKnownFileType = sourcecode.swift; path = MakeColor.swift; sourceTree = "<group>"; };
		E46506E228C249A1004C8344 /* CategoryTableViewController.swift */ = {isa = PBXFileReference; fileEncoding = 4; lastKnownFileType = sourcecode.swift; path = CategoryTableViewController.swift; sourceTree = "<group>"; };
		E46506E328C249A1004C8344 /* ToDoListViewController.swift */ = {isa = PBXFileReference; fileEncoding = 4; lastKnownFileType = sourcecode.swift; path = ToDoListViewController.swift; sourceTree = "<group>"; };
		E46506EC28C24A4B004C8344 /* DataModel.xcdatamodel */ = {isa = PBXFileReference; lastKnownFileType = wrapper.xcdatamodel; path = DataModel.xcdatamodel; sourceTree = "<group>"; };
		E46506F028C24C29004C8344 /* Constants.swift */ = {isa = PBXFileReference; fileEncoding = 4; lastKnownFileType = sourcecode.swift; path = Constants.swift; sourceTree = "<group>"; };
		E46506F428C24C4E004C8344 /* MyPlayground.playground */ = {isa = PBXFileReference; lastKnownFileType = file.playground; path = MyPlayground.playground; sourceTree = "<group>"; };
		E46506F528C24C83004C8344 /* MakeColorUnitTest.swift */ = {isa = PBXFileReference; fileEncoding = 4; lastKnownFileType = sourcecode.swift; path = MakeColorUnitTest.swift; sourceTree = "<group>"; };
/* End PBXFileReference section */

/* Begin PBXFrameworksBuildPhase section */
		E46506A128C2480B004C8344 /* Frameworks */ = {
			isa = PBXFrameworksBuildPhase;
			buildActionMask = 2147483647;
			files = (
			);
			runOnlyForDeploymentPostprocessing = 0;
		};
		E46506BA28C2480D004C8344 /* Frameworks */ = {
			isa = PBXFrameworksBuildPhase;
			buildActionMask = 2147483647;
			files = (
			);
			runOnlyForDeploymentPostprocessing = 0;
		};
		E46506C428C2480E004C8344 /* Frameworks */ = {
			isa = PBXFrameworksBuildPhase;
			buildActionMask = 2147483647;
			files = (
			);
			runOnlyForDeploymentPostprocessing = 0;
		};
/* End PBXFrameworksBuildPhase section */

/* Begin PBXGroup section */
		E407826328C61EB6009D0856 /* Artwork */ = {
			isa = PBXGroup;
			children = (
				E407826528C61EB6009D0856 /* Icon-16.png */,
				E407827C28C61EB6009D0856 /* Icon-20.png */,
				E407826428C61EB6009D0856 /* Icon-29.png */,
				E407827F28C61EB6009D0856 /* Icon-32.png */,
				E407827828C61EB6009D0856 /* Icon-40.png */,
				E407826B28C61EB6009D0856 /* Icon-48.png */,
				E407827528C61EB6009D0856 /* Icon-55.png */,
				E407827128C61EB6009D0856 /* Icon-58.png */,
				E407826A28C61EB6009D0856 /* Icon-60.png */,
				E407827028C61EB6009D0856 /* Icon-64.png */,
				E407827228C61EB6009D0856 /* Icon-66.png */,
				E407826928C61EB6009D0856 /* Icon-76.png */,
				E407827428C61EB6009D0856 /* Icon-80.png */,
				E407827928C61EB6009D0856 /* Icon-87.png */,
				E407826828C61EB6009D0856 /* Icon-88.png */,
				E407827A28C61EB6009D0856 /* Icon-92.png */,
				E407827E28C61EB6009D0856 /* Icon-100.png */,
				E407828128C61EB6009D0856 /* Icon-102.png */,
				E407826728C61EB6009D0856 /* Icon-120.png */,
				E407827D28C61EB6009D0856 /* Icon-128.png */,
				E407826D28C61EB6009D0856 /* Icon-152.png */,
				E407827728C61EB6009D0856 /* Icon-167.png */,
				E407827628C61EB6009D0856 /* Icon-172.png */,
				E407826F28C61EB6009D0856 /* Icon-180.png */,
				E407827328C61EB6009D0856 /* Icon-196.png */,
				E407827B28C61EB6009D0856 /* Icon-216.png */,
				E407826E28C61EB6009D0856 /* Icon-234.png */,
				E407826628C61EB6009D0856 /* Icon-256.png */,
				E407828028C61EB6009D0856 /* Icon-512.png */,
				E407826C28C61EB6009D0856 /* Icon-Original-1024.png */,
			);
			path = Artwork;
			sourceTree = "<group>";
		};
		E465069B28C2480B004C8344 = {
			isa = PBXGroup;
			children = (
				E407826328C61EB6009D0856 /* Artwork */,
				E46506A628C2480B004C8344 /* Saxjax Colorfull ToDoList */,
				E46506C028C2480D004C8344 /* Saxjax Colorfull ToDoListTests */,
				E46506CA28C2480E004C8344 /* Saxjax Colorfull ToDoListUITests */,
				E46506A528C2480B004C8344 /* Products */,
			);
			sourceTree = "<group>";
		};
		E46506A528C2480B004C8344 /* Products */ = {
			isa = PBXGroup;
			children = (
				E46506A428C2480B004C8344 /* Saxjax Colorfull ToDoList.app */,
				E46506BD28C2480D004C8344 /* Saxjax Colorfull ToDoListTests.xctest */,
				E46506C728C2480E004C8344 /* Saxjax Colorfull ToDoListUITests.xctest */,
			);
			name = Products;
			sourceTree = "<group>";
		};
		E46506A628C2480B004C8344 /* Saxjax Colorfull ToDoList */ = {
			isa = PBXGroup;
			children = (
				E46506F428C24C4E004C8344 /* MyPlayground.playground */,
				E46506DD28C24989004C8344 /* Helpers */,
				E46506EA28C24A4B004C8344 /* DataModel */,
				E46506DA28C24894004C8344 /* Model */,
				E46506DB28C248B4004C8344 /* View */,
				E46506DC28C248C7004C8344 /* Controller */,
				E46506A728C2480C004C8344 /* AppDelegate.swift */,
				E46506A928C2480C004C8344 /* SceneDelegate.swift */,
				E46506B328C2480D004C8344 /* Assets.xcassets */,
				E46506B528C2480D004C8344 /* LaunchScreen.storyboard */,
				E46506B828C2480D004C8344 /* Info.plist */,
				E46506F028C24C29004C8344 /* Constants.swift */,
			);
			path = "Saxjax Colorfull ToDoList";
			sourceTree = "<group>";
		};
		E46506C028C2480D004C8344 /* Saxjax Colorfull ToDoListTests */ = {
			isa = PBXGroup;
			children = (
				E46506C128C2480D004C8344 /* Saxjax_Colorfull_ToDoListTests.swift */,
				E46506F528C24C83004C8344 /* MakeColorUnitTest.swift */,
			);
			path = "Saxjax Colorfull ToDoListTests";
			sourceTree = "<group>";
		};
		E46506CA28C2480E004C8344 /* Saxjax Colorfull ToDoListUITests */ = {
			isa = PBXGroup;
			children = (
				E46506CB28C2480E004C8344 /* Saxjax_Colorfull_ToDoListUITests.swift */,
				E46506CD28C2480E004C8344 /* Saxjax_Colorfull_ToDoListUITestsLaunchTests.swift */,
			);
			path = "Saxjax Colorfull ToDoListUITests";
			sourceTree = "<group>";
		};
		E46506DA28C24894004C8344 /* Model */ = {
			isa = PBXGroup;
			children = (
				E46506B028C2480C004C8344 /* Saxjax_Colorfull_ToDoList.xcdatamodeld */,
			);
			path = Model;
			sourceTree = "<group>";
		};
		E46506DB28C248B4004C8344 /* View */ = {
			isa = PBXGroup;
			children = (
				E46506AD28C2480C004C8344 /* Main.storyboard */,
			);
			path = View;
			sourceTree = "<group>";
		};
		E46506DC28C248C7004C8344 /* Controller */ = {
			isa = PBXGroup;
			children = (
				E46506E228C249A1004C8344 /* CategoryTableViewController.swift */,
				E46506E328C249A1004C8344 /* ToDoListViewController.swift */,
				E46506AB28C2480C004C8344 /* ViewController.swift */,
			);
			path = Controller;
			sourceTree = "<group>";
		};
		E46506DD28C24989004C8344 /* Helpers */ = {
			isa = PBXGroup;
			children = (
				E46506DE28C24989004C8344 /* MakeColor.swift */,
			);
			path = Helpers;
			sourceTree = "<group>";
		};
		E46506EA28C24A4B004C8344 /* DataModel */ = {
			isa = PBXGroup;
			children = (
				E46506EB28C24A4B004C8344 /* DataModel.xcdatamodeld */,
			);
			path = DataModel;
			sourceTree = "<group>";
		};
/* End PBXGroup section */

/* Begin PBXNativeTarget section */
		E46506A328C2480B004C8344 /* Saxjax Colorfull ToDoList */ = {
			isa = PBXNativeTarget;
			buildConfigurationList = E46506D128C2480E004C8344 /* Build configuration list for PBXNativeTarget "Saxjax Colorfull ToDoList" */;
			buildPhases = (
				E46506A028C2480B004C8344 /* Sources */,
				E46506A128C2480B004C8344 /* Frameworks */,
				E46506A228C2480B004C8344 /* Resources */,
			);
			buildRules = (
			);
			dependencies = (
			);
			name = "Saxjax Colorfull ToDoList";
			productName = "Saxjax Colorfull ToDoList";
			productReference = E46506A428C2480B004C8344 /* Saxjax Colorfull ToDoList.app */;
			productType = "com.apple.product-type.application";
		};
		E46506BC28C2480D004C8344 /* Saxjax Colorfull ToDoListTests */ = {
			isa = PBXNativeTarget;
			buildConfigurationList = E46506D428C2480E004C8344 /* Build configuration list for PBXNativeTarget "Saxjax Colorfull ToDoListTests" */;
			buildPhases = (
				E46506B928C2480D004C8344 /* Sources */,
				E46506BA28C2480D004C8344 /* Frameworks */,
				E46506BB28C2480D004C8344 /* Resources */,
			);
			buildRules = (
			);
			dependencies = (
				E46506BF28C2480D004C8344 /* PBXTargetDependency */,
			);
			name = "Saxjax Colorfull ToDoListTests";
			productName = "Saxjax Colorfull ToDoListTests";
			productReference = E46506BD28C2480D004C8344 /* Saxjax Colorfull ToDoListTests.xctest */;
			productType = "com.apple.product-type.bundle.unit-test";
		};
		E46506C628C2480E004C8344 /* Saxjax Colorfull ToDoListUITests */ = {
			isa = PBXNativeTarget;
			buildConfigurationList = E46506D728C2480E004C8344 /* Build configuration list for PBXNativeTarget "Saxjax Colorfull ToDoListUITests" */;
			buildPhases = (
				E46506C328C2480E004C8344 /* Sources */,
				E46506C428C2480E004C8344 /* Frameworks */,
				E46506C528C2480E004C8344 /* Resources */,
			);
			buildRules = (
			);
			dependencies = (
				E46506C928C2480E004C8344 /* PBXTargetDependency */,
			);
			name = "Saxjax Colorfull ToDoListUITests";
			productName = "Saxjax Colorfull ToDoListUITests";
			productReference = E46506C728C2480E004C8344 /* Saxjax Colorfull ToDoListUITests.xctest */;
			productType = "com.apple.product-type.bundle.ui-testing";
		};
/* End PBXNativeTarget section */

/* Begin PBXProject section */
		E465069C28C2480B004C8344 /* Project object */ = {
			isa = PBXProject;
			attributes = {
				BuildIndependentTargetsInParallel = 1;
				LastSwiftUpdateCheck = 1340;
				LastUpgradeCheck = 1340;
				TargetAttributes = {
					E46506A328C2480B004C8344 = {
						CreatedOnToolsVersion = 13.4.1;
					};
					E46506BC28C2480D004C8344 = {
						CreatedOnToolsVersion = 13.4.1;
						TestTargetID = E46506A328C2480B004C8344;
					};
					E46506C628C2480E004C8344 = {
						CreatedOnToolsVersion = 13.4.1;
						TestTargetID = E46506A328C2480B004C8344;
					};
				};
			};
			buildConfigurationList = E465069F28C2480B004C8344 /* Build configuration list for PBXProject "Saxjax Colorfull ToDoList" */;
			compatibilityVersion = "Xcode 13.0";
			developmentRegion = en;
			hasScannedForEncodings = 0;
			knownRegions = (
				en,
				Base,
			);
			mainGroup = E465069B28C2480B004C8344;
			productRefGroup = E46506A528C2480B004C8344 /* Products */;
			projectDirPath = "";
			projectRoot = "";
			targets = (
				E46506A328C2480B004C8344 /* Saxjax Colorfull ToDoList */,
				E46506BC28C2480D004C8344 /* Saxjax Colorfull ToDoListTests */,
				E46506C628C2480E004C8344 /* Saxjax Colorfull ToDoListUITests */,
			);
		};
/* End PBXProject section */

/* Begin PBXResourcesBuildPhase section */
		E46506A228C2480B004C8344 /* Resources */ = {
			isa = PBXResourcesBuildPhase;
			buildActionMask = 2147483647;
			files = (
				E407828828C61EB6009D0856 /* Icon-60.png in Resources */,
				E407829428C61EB6009D0856 /* Icon-172.png in Resources */,
				E407828B28C61EB6009D0856 /* Icon-152.png in Resources */,
				E407828528C61EB6009D0856 /* Icon-120.png in Resources */,
				E46506B728C2480D004C8344 /* LaunchScreen.storyboard in Resources */,
				E407828C28C61EB6009D0856 /* Icon-234.png in Resources */,
				E407829B28C61EB6009D0856 /* Icon-128.png in Resources */,
				E407829328C61EB6009D0856 /* Icon-55.png in Resources */,
				E46506B428C2480D004C8344 /* Assets.xcassets in Resources */,
				E407829628C61EB6009D0856 /* Icon-40.png in Resources */,
				E407828A28C61EB6009D0856 /* Icon-Original-1024.png in Resources */,
				E407828928C61EB6009D0856 /* Icon-48.png in Resources */,
				E46506AF28C2480C004C8344 /* Main.storyboard in Resources */,
				E407829E28C61EB6009D0856 /* Icon-512.png in Resources */,
				E407828628C61EB6009D0856 /* Icon-88.png in Resources */,
				E407828228C61EB6009D0856 /* Icon-29.png in Resources */,
				E407829728C61EB6009D0856 /* Icon-87.png in Resources */,
				E407829128C61EB6009D0856 /* Icon-196.png in Resources */,
				E407828428C61EB6009D0856 /* Icon-256.png in Resources */,
				E407828328C61EB6009D0856 /* Icon-16.png in Resources */,
				E407828F28C61EB6009D0856 /* Icon-58.png in Resources */,
				E407829028C61EB6009D0856 /* Icon-66.png in Resources */,
				E407829228C61EB6009D0856 /* Icon-80.png in Resources */,
				E407829828C61EB6009D0856 /* Icon-92.png in Resources */,
				E407829A28C61EB6009D0856 /* Icon-20.png in Resources */,
				E407828D28C61EB6009D0856 /* Icon-180.png in Resources */,
				E407828E28C61EB6009D0856 /* Icon-64.png in Resources */,
				E407828728C61EB6009D0856 /* Icon-76.png in Resources */,
				E407829928C61EB6009D0856 /* Icon-216.png in Resources */,
				E407829C28C61EB6009D0856 /* Icon-100.png in Resources */,
				E407829D28C61EB6009D0856 /* Icon-32.png in Resources */,
				E407829F28C61EB6009D0856 /* Icon-102.png in Resources */,
				E407829528C61EB6009D0856 /* Icon-167.png in Resources */,
			);
			runOnlyForDeploymentPostprocessing = 0;
		};
		E46506BB28C2480D004C8344 /* Resources */ = {
			isa = PBXResourcesBuildPhase;
			buildActionMask = 2147483647;
			files = (
			);
			runOnlyForDeploymentPostprocessing = 0;
		};
		E46506C528C2480E004C8344 /* Resources */ = {
			isa = PBXResourcesBuildPhase;
			buildActionMask = 2147483647;
			files = (
			);
			runOnlyForDeploymentPostprocessing = 0;
		};
/* End PBXResourcesBuildPhase section */

/* Begin PBXSourcesBuildPhase section */
		E46506A028C2480B004C8344 /* Sources */ = {
			isa = PBXSourcesBuildPhase;
			buildActionMask = 2147483647;
			files = (
				E46506DF28C24989004C8344 /* MakeColor.swift in Sources */,
				E46506ED28C24A4B004C8344 /* DataModel.xcdatamodeld in Sources */,
				E46506AC28C2480C004C8344 /* ViewController.swift in Sources */,
				E46506A828C2480C004C8344 /* AppDelegate.swift in Sources */,
				E46506AA28C2480C004C8344 /* SceneDelegate.swift in Sources */,
				E46506B228C2480C004C8344 /* Saxjax_Colorfull_ToDoList.xcdatamodeld in Sources */,
				E46506E728C249A1004C8344 /* ToDoListViewController.swift in Sources */,
				E46506E428C249A1004C8344 /* CategoryTableViewController.swift in Sources */,
				E46506F128C24C29004C8344 /* Constants.swift in Sources */,
			);
			runOnlyForDeploymentPostprocessing = 0;
		};
		E46506B928C2480D004C8344 /* Sources */ = {
			isa = PBXSourcesBuildPhase;
			buildActionMask = 2147483647;
			files = (
				E46506E828C249A1004C8344 /* ToDoListViewController.swift in Sources */,
				E46506EE28C24A4B004C8344 /* DataModel.xcdatamodeld in Sources */,
				E46506C228C2480D004C8344 /* Saxjax_Colorfull_ToDoListTests.swift in Sources */,
				E46506E028C24989004C8344 /* MakeColor.swift in Sources */,
				E46506F628C24C83004C8344 /* MakeColorUnitTest.swift in Sources */,
				E46506E528C249A1004C8344 /* CategoryTableViewController.swift in Sources */,
				E46506F228C24C29004C8344 /* Constants.swift in Sources */,
			);
			runOnlyForDeploymentPostprocessing = 0;
		};
		E46506C328C2480E004C8344 /* Sources */ = {
			isa = PBXSourcesBuildPhase;
			buildActionMask = 2147483647;
			files = (
				E46506CE28C2480E004C8344 /* Saxjax_Colorfull_ToDoListUITestsLaunchTests.swift in Sources */,
				E46506E128C24989004C8344 /* MakeColor.swift in Sources */,
				E46506CC28C2480E004C8344 /* Saxjax_Colorfull_ToDoListUITests.swift in Sources */,
				E46506EF28C24A4B004C8344 /* DataModel.xcdatamodeld in Sources */,
				E46506F328C24C29004C8344 /* Constants.swift in Sources */,
				E46506E928C249A1004C8344 /* ToDoListViewController.swift in Sources */,
				E46506E628C249A1004C8344 /* CategoryTableViewController.swift in Sources */,
			);
			runOnlyForDeploymentPostprocessing = 0;
		};
/* End PBXSourcesBuildPhase section */

/* Begin PBXTargetDependency section */
		E46506BF28C2480D004C8344 /* PBXTargetDependency */ = {
			isa = PBXTargetDependency;
			target = E46506A328C2480B004C8344 /* Saxjax Colorfull ToDoList */;
			targetProxy = E46506BE28C2480D004C8344 /* PBXContainerItemProxy */;
		};
		E46506C928C2480E004C8344 /* PBXTargetDependency */ = {
			isa = PBXTargetDependency;
			target = E46506A328C2480B004C8344 /* Saxjax Colorfull ToDoList */;
			targetProxy = E46506C828C2480E004C8344 /* PBXContainerItemProxy */;
		};
/* End PBXTargetDependency section */

/* Begin PBXVariantGroup section */
		E46506AD28C2480C004C8344 /* Main.storyboard */ = {
			isa = PBXVariantGroup;
			children = (
				E46506AE28C2480C004C8344 /* Base */,
			);
			name = Main.storyboard;
			sourceTree = "<group>";
		};
		E46506B528C2480D004C8344 /* LaunchScreen.storyboard */ = {
			isa = PBXVariantGroup;
			children = (
				E46506B628C2480D004C8344 /* Base */,
			);
			name = LaunchScreen.storyboard;
			sourceTree = "<group>";
		};
/* End PBXVariantGroup section */

/* Begin XCBuildConfiguration section */
		E46506CF28C2480E004C8344 /* Debug */ = {
			isa = XCBuildConfiguration;
			buildSettings = {
				ALWAYS_SEARCH_USER_PATHS = NO;
				CLANG_ANALYZER_NONNULL = YES;
				CLANG_ANALYZER_NUMBER_OBJECT_CONVERSION = YES_AGGRESSIVE;
				CLANG_CXX_LANGUAGE_STANDARD = "gnu++17";
				CLANG_ENABLE_MODULES = YES;
				CLANG_ENABLE_OBJC_ARC = YES;
				CLANG_ENABLE_OBJC_WEAK = YES;
				CLANG_WARN_BLOCK_CAPTURE_AUTORELEASING = YES;
				CLANG_WARN_BOOL_CONVERSION = YES;
				CLANG_WARN_COMMA = YES;
				CLANG_WARN_CONSTANT_CONVERSION = YES;
				CLANG_WARN_DEPRECATED_OBJC_IMPLEMENTATIONS = YES;
				CLANG_WARN_DIRECT_OBJC_ISA_USAGE = YES_ERROR;
				CLANG_WARN_DOCUMENTATION_COMMENTS = YES;
				CLANG_WARN_EMPTY_BODY = YES;
				CLANG_WARN_ENUM_CONVERSION = YES;
				CLANG_WARN_INFINITE_RECURSION = YES;
				CLANG_WARN_INT_CONVERSION = YES;
				CLANG_WARN_NON_LITERAL_NULL_CONVERSION = YES;
				CLANG_WARN_OBJC_IMPLICIT_RETAIN_SELF = YES;
				CLANG_WARN_OBJC_LITERAL_CONVERSION = YES;
				CLANG_WARN_OBJC_ROOT_CLASS = YES_ERROR;
				CLANG_WARN_QUOTED_INCLUDE_IN_FRAMEWORK_HEADER = YES;
				CLANG_WARN_RANGE_LOOP_ANALYSIS = YES;
				CLANG_WARN_STRICT_PROTOTYPES = YES;
				CLANG_WARN_SUSPICIOUS_MOVE = YES;
				CLANG_WARN_UNGUARDED_AVAILABILITY = YES_AGGRESSIVE;
				CLANG_WARN_UNREACHABLE_CODE = YES;
				CLANG_WARN__DUPLICATE_METHOD_MATCH = YES;
				COPY_PHASE_STRIP = NO;
				DEBUG_INFORMATION_FORMAT = dwarf;
				ENABLE_STRICT_OBJC_MSGSEND = YES;
				ENABLE_TESTABILITY = YES;
				GCC_C_LANGUAGE_STANDARD = gnu11;
				GCC_DYNAMIC_NO_PIC = NO;
				GCC_NO_COMMON_BLOCKS = YES;
				GCC_OPTIMIZATION_LEVEL = 0;
				GCC_PREPROCESSOR_DEFINITIONS = (
					"DEBUG=1",
					"$(inherited)",
				);
				GCC_WARN_64_TO_32_BIT_CONVERSION = YES;
				GCC_WARN_ABOUT_RETURN_TYPE = YES_ERROR;
				GCC_WARN_UNDECLARED_SELECTOR = YES;
				GCC_WARN_UNINITIALIZED_AUTOS = YES_AGGRESSIVE;
				GCC_WARN_UNUSED_FUNCTION = YES;
				GCC_WARN_UNUSED_VARIABLE = YES;
				IPHONEOS_DEPLOYMENT_TARGET = 15.5;
				MTL_ENABLE_DEBUG_INFO = INCLUDE_SOURCE;
				MTL_FAST_MATH = YES;
				ONLY_ACTIVE_ARCH = YES;
				SDKROOT = iphoneos;
				SWIFT_ACTIVE_COMPILATION_CONDITIONS = DEBUG;
				SWIFT_OPTIMIZATION_LEVEL = "-Onone";
			};
			name = Debug;
		};
		E46506D028C2480E004C8344 /* Release */ = {
			isa = XCBuildConfiguration;
			buildSettings = {
				ALWAYS_SEARCH_USER_PATHS = NO;
				CLANG_ANALYZER_NONNULL = YES;
				CLANG_ANALYZER_NUMBER_OBJECT_CONVERSION = YES_AGGRESSIVE;
				CLANG_CXX_LANGUAGE_STANDARD = "gnu++17";
				CLANG_ENABLE_MODULES = YES;
				CLANG_ENABLE_OBJC_ARC = YES;
				CLANG_ENABLE_OBJC_WEAK = YES;
				CLANG_WARN_BLOCK_CAPTURE_AUTORELEASING = YES;
				CLANG_WARN_BOOL_CONVERSION = YES;
				CLANG_WARN_COMMA = YES;
				CLANG_WARN_CONSTANT_CONVERSION = YES;
				CLANG_WARN_DEPRECATED_OBJC_IMPLEMENTATIONS = YES;
				CLANG_WARN_DIRECT_OBJC_ISA_USAGE = YES_ERROR;
				CLANG_WARN_DOCUMENTATION_COMMENTS = YES;
				CLANG_WARN_EMPTY_BODY = YES;
				CLANG_WARN_ENUM_CONVERSION = YES;
				CLANG_WARN_INFINITE_RECURSION = YES;
				CLANG_WARN_INT_CONVERSION = YES;
				CLANG_WARN_NON_LITERAL_NULL_CONVERSION = YES;
				CLANG_WARN_OBJC_IMPLICIT_RETAIN_SELF = YES;
				CLANG_WARN_OBJC_LITERAL_CONVERSION = YES;
				CLANG_WARN_OBJC_ROOT_CLASS = YES_ERROR;
				CLANG_WARN_QUOTED_INCLUDE_IN_FRAMEWORK_HEADER = YES;
				CLANG_WARN_RANGE_LOOP_ANALYSIS = YES;
				CLANG_WARN_STRICT_PROTOTYPES = YES;
				CLANG_WARN_SUSPICIOUS_MOVE = YES;
				CLANG_WARN_UNGUARDED_AVAILABILITY = YES_AGGRESSIVE;
				CLANG_WARN_UNREACHABLE_CODE = YES;
				CLANG_WARN__DUPLICATE_METHOD_MATCH = YES;
				COPY_PHASE_STRIP = NO;
				DEBUG_INFORMATION_FORMAT = "dwarf-with-dsym";
				ENABLE_NS_ASSERTIONS = NO;
				ENABLE_STRICT_OBJC_MSGSEND = YES;
				GCC_C_LANGUAGE_STANDARD = gnu11;
				GCC_NO_COMMON_BLOCKS = YES;
				GCC_WARN_64_TO_32_BIT_CONVERSION = YES;
				GCC_WARN_ABOUT_RETURN_TYPE = YES_ERROR;
				GCC_WARN_UNDECLARED_SELECTOR = YES;
				GCC_WARN_UNINITIALIZED_AUTOS = YES_AGGRESSIVE;
				GCC_WARN_UNUSED_FUNCTION = YES;
				GCC_WARN_UNUSED_VARIABLE = YES;
				IPHONEOS_DEPLOYMENT_TARGET = 15.5;
				MTL_ENABLE_DEBUG_INFO = NO;
				MTL_FAST_MATH = YES;
				SDKROOT = iphoneos;
				SWIFT_COMPILATION_MODE = wholemodule;
				SWIFT_OPTIMIZATION_LEVEL = "-O";
				VALIDATE_PRODUCT = YES;
			};
			name = Release;
		};
		E46506D228C2480E004C8344 /* Debug */ = {
			isa = XCBuildConfiguration;
			buildSettings = {
				ASSETCATALOG_COMPILER_APPICON_NAME = AppIcon;
				ASSETCATALOG_COMPILER_GLOBAL_ACCENT_COLOR_NAME = AccentColor;
				ASSETCATALOG_COMPILER_INCLUDE_ALL_APPICON_ASSETS = YES;
				CODE_SIGN_STYLE = Automatic;
				CURRENT_PROJECT_VERSION = 4;
				DEVELOPMENT_TEAM = LW5S74625G;
				GENERATE_INFOPLIST_FILE = YES;
				INFOPLIST_FILE = "Saxjax Colorfull ToDoList/Info.plist";
				INFOPLIST_KEY_LSApplicationCategoryType = "public.app-category.productivity";
				INFOPLIST_KEY_UIApplicationSupportsIndirectInputEvents = YES;
				INFOPLIST_KEY_UILaunchStoryboardName = LaunchScreen;
				INFOPLIST_KEY_UIMainStoryboardFile = Main;
				INFOPLIST_KEY_UISupportedInterfaceOrientations = "UIInterfaceOrientationPortrait UIInterfaceOrientationPortraitUpsideDown UIInterfaceOrientationLandscapeLeft UIInterfaceOrientationLandscapeRight";
				INFOPLIST_KEY_UISupportedInterfaceOrientations_iPad = "UIInterfaceOrientationPortrait UIInterfaceOrientationPortraitUpsideDown UIInterfaceOrientationLandscapeLeft UIInterfaceOrientationLandscapeRight";
				INFOPLIST_KEY_UISupportedInterfaceOrientations_iPhone = "UIInterfaceOrientationPortrait UIInterfaceOrientationLandscapeLeft UIInterfaceOrientationLandscapeRight";
				LD_RUNPATH_SEARCH_PATHS = (
					"$(inherited)",
					"@executable_path/Frameworks",
				);
				MARKETING_VERSION = 1.0;
				PRODUCT_BUNDLE_IDENTIFIER = dk.saxjax.SaxjaxColorfullToDoList;
				PRODUCT_NAME = "$(TARGET_NAME)";
				SWIFT_EMIT_LOC_STRINGS = YES;
				SWIFT_VERSION = 5.0;
				TARGETED_DEVICE_FAMILY = "1,2";
			};
			name = Debug;
		};
		E46506D328C2480E004C8344 /* Release */ = {
			isa = XCBuildConfiguration;
			buildSettings = {
				ASSETCATALOG_COMPILER_APPICON_NAME = AppIcon;
				ASSETCATALOG_COMPILER_GLOBAL_ACCENT_COLOR_NAME = AccentColor;
				ASSETCATALOG_COMPILER_INCLUDE_ALL_APPICON_ASSETS = YES;
				CODE_SIGN_STYLE = Automatic;
				CURRENT_PROJECT_VERSION = 4;
				DEVELOPMENT_TEAM = LW5S74625G;
				GENERATE_INFOPLIST_FILE = YES;
				INFOPLIST_FILE = "Saxjax Colorfull ToDoList/Info.plist";
				INFOPLIST_KEY_LSApplicationCategoryType = "public.app-category.productivity";
				INFOPLIST_KEY_UIApplicationSupportsIndirectInputEvents = YES;
				INFOPLIST_KEY_UILaunchStoryboardName = LaunchScreen;
				INFOPLIST_KEY_UIMainStoryboardFile = Main;
				INFOPLIST_KEY_UISupportedInterfaceOrientations = "UIInterfaceOrientationPortrait UIInterfaceOrientationPortraitUpsideDown UIInterfaceOrientationLandscapeLeft UIInterfaceOrientationLandscapeRight";
				INFOPLIST_KEY_UISupportedInterfaceOrientations_iPad = "UIInterfaceOrientationPortrait UIInterfaceOrientationPortraitUpsideDown UIInterfaceOrientationLandscapeLeft UIInterfaceOrientationLandscapeRight";
				INFOPLIST_KEY_UISupportedInterfaceOrientations_iPhone = "UIInterfaceOrientationPortrait UIInterfaceOrientationLandscapeLeft UIInterfaceOrientationLandscapeRight";
				LD_RUNPATH_SEARCH_PATHS = (
					"$(inherited)",
					"@executable_path/Frameworks",
				);
				MARKETING_VERSION = 1.0;
				PRODUCT_BUNDLE_IDENTIFIER = dk.saxjax.SaxjaxColorfullToDoList;
				PRODUCT_NAME = "$(TARGET_NAME)";
				SWIFT_EMIT_LOC_STRINGS = YES;
				SWIFT_VERSION = 5.0;
				TARGETED_DEVICE_FAMILY = "1,2";
			};
			name = Release;
		};
		E46506D528C2480E004C8344 /* Debug */ = {
			isa = XCBuildConfiguration;
			buildSettings = {
				ALWAYS_EMBED_SWIFT_STANDARD_LIBRARIES = YES;
				BUNDLE_LOADER = "$(TEST_HOST)";
				CODE_SIGN_STYLE = Automatic;
				CURRENT_PROJECT_VERSION = 1;
				DEVELOPMENT_TEAM = LW5S74625G;
				GENERATE_INFOPLIST_FILE = YES;
				IPHONEOS_DEPLOYMENT_TARGET = 15.5;
				MARKETING_VERSION = 1.0;
				PRODUCT_BUNDLE_IDENTIFIER = "dk.saxjax.Saxjax-Colorfull-ToDoListTests";
				PRODUCT_NAME = "$(TARGET_NAME)";
				SWIFT_EMIT_LOC_STRINGS = NO;
				SWIFT_VERSION = 5.0;
				TARGETED_DEVICE_FAMILY = "1,2";
				TEST_HOST = "$(BUILT_PRODUCTS_DIR)/Saxjax Colorfull ToDoList.app/Saxjax Colorfull ToDoList";
			};
			name = Debug;
		};
		E46506D628C2480E004C8344 /* Release */ = {
			isa = XCBuildConfiguration;
			buildSettings = {
				ALWAYS_EMBED_SWIFT_STANDARD_LIBRARIES = YES;
				BUNDLE_LOADER = "$(TEST_HOST)";
				CODE_SIGN_STYLE = Automatic;
				CURRENT_PROJECT_VERSION = 1;
				DEVELOPMENT_TEAM = LW5S74625G;
				GENERATE_INFOPLIST_FILE = YES;
				IPHONEOS_DEPLOYMENT_TARGET = 15.5;
				MARKETING_VERSION = 1.0;
				PRODUCT_BUNDLE_IDENTIFIER = "dk.saxjax.Saxjax-Colorfull-ToDoListTests";
				PRODUCT_NAME = "$(TARGET_NAME)";
				SWIFT_EMIT_LOC_STRINGS = NO;
				SWIFT_VERSION = 5.0;
				TARGETED_DEVICE_FAMILY = "1,2";
				TEST_HOST = "$(BUILT_PRODUCTS_DIR)/Saxjax Colorfull ToDoList.app/Saxjax Colorfull ToDoList";
			};
			name = Release;
		};
		E46506D828C2480E004C8344 /* Debug */ = {
			isa = XCBuildConfiguration;
			buildSettings = {
				ALWAYS_EMBED_SWIFT_STANDARD_LIBRARIES = YES;
				CODE_SIGN_STYLE = Automatic;
				CURRENT_PROJECT_VERSION = 1;
				DEVELOPMENT_TEAM = LW5S74625G;
				GENERATE_INFOPLIST_FILE = YES;
				MARKETING_VERSION = 1.0;
				PRODUCT_BUNDLE_IDENTIFIER = "dk.saxjax.Saxjax-Colorfull-ToDoListUITests";
				PRODUCT_NAME = "$(TARGET_NAME)";
				SWIFT_EMIT_LOC_STRINGS = NO;
				SWIFT_VERSION = 5.0;
				TARGETED_DEVICE_FAMILY = "1,2";
				TEST_TARGET_NAME = "Saxjax Colorfull ToDoList";
			};
			name = Debug;
		};
		E46506D928C2480E004C8344 /* Release */ = {
			isa = XCBuildConfiguration;
			buildSettings = {
				ALWAYS_EMBED_SWIFT_STANDARD_LIBRARIES = YES;
				CODE_SIGN_STYLE = Automatic;
				CURRENT_PROJECT_VERSION = 1;
				DEVELOPMENT_TEAM = LW5S74625G;
				GENERATE_INFOPLIST_FILE = YES;
				MARKETING_VERSION = 1.0;
				PRODUCT_BUNDLE_IDENTIFIER = "dk.saxjax.Saxjax-Colorfull-ToDoListUITests";
				PRODUCT_NAME = "$(TARGET_NAME)";
				SWIFT_EMIT_LOC_STRINGS = NO;
				SWIFT_VERSION = 5.0;
				TARGETED_DEVICE_FAMILY = "1,2";
				TEST_TARGET_NAME = "Saxjax Colorfull ToDoList";
			};
			name = Release;
		};
/* End XCBuildConfiguration section */

/* Begin XCConfigurationList section */
		E465069F28C2480B004C8344 /* Build configuration list for PBXProject "Saxjax Colorfull ToDoList" */ = {
			isa = XCConfigurationList;
			buildConfigurations = (
				E46506CF28C2480E004C8344 /* Debug */,
				E46506D028C2480E004C8344 /* Release */,
			);
			defaultConfigurationIsVisible = 0;
			defaultConfigurationName = Release;
		};
		E46506D128C2480E004C8344 /* Build configuration list for PBXNativeTarget "Saxjax Colorfull ToDoList" */ = {
			isa = XCConfigurationList;
			buildConfigurations = (
				E46506D228C2480E004C8344 /* Debug */,
				E46506D328C2480E004C8344 /* Release */,
			);
			defaultConfigurationIsVisible = 0;
			defaultConfigurationName = Release;
		};
		E46506D428C2480E004C8344 /* Build configuration list for PBXNativeTarget "Saxjax Colorfull ToDoListTests" */ = {
			isa = XCConfigurationList;
			buildConfigurations = (
				E46506D528C2480E004C8344 /* Debug */,
				E46506D628C2480E004C8344 /* Release */,
			);
			defaultConfigurationIsVisible = 0;
			defaultConfigurationName = Release;
		};
		E46506D728C2480E004C8344 /* Build configuration list for PBXNativeTarget "Saxjax Colorfull ToDoListUITests" */ = {
			isa = XCConfigurationList;
			buildConfigurations = (
				E46506D828C2480E004C8344 /* Debug */,
				E46506D928C2480E004C8344 /* Release */,
			);
			defaultConfigurationIsVisible = 0;
			defaultConfigurationName = Release;
		};
/* End XCConfigurationList section */

/* Begin XCVersionGroup section */
		E46506B028C2480C004C8344 /* Saxjax_Colorfull_ToDoList.xcdatamodeld */ = {
			isa = XCVersionGroup;
			children = (
				E46506B128C2480C004C8344 /* Saxjax_Colorfull_ToDoList.xcdatamodel */,
			);
			currentVersion = E46506B128C2480C004C8344 /* Saxjax_Colorfull_ToDoList.xcdatamodel */;
			path = Saxjax_Colorfull_ToDoList.xcdatamodeld;
			sourceTree = "<group>";
			versionGroupType = wrapper.xcdatamodel;
		};
		E46506EB28C24A4B004C8344 /* DataModel.xcdatamodeld */ = {
			isa = XCVersionGroup;
			children = (
				E46506EC28C24A4B004C8344 /* DataModel.xcdatamodel */,
			);
			currentVersion = E46506EC28C24A4B004C8344 /* DataModel.xcdatamodel */;
			path = DataModel.xcdatamodeld;
			sourceTree = "<group>";
			versionGroupType = wrapper.xcdatamodel;
		};
/* End XCVersionGroup section */
	};
	rootObject = E465069C28C2480B004C8344 /* Project object */;
}
